// !$*UTF8*$!
{
	archiveVersion = 1;
	classes = {
	};
	objectVersion = 46;
	objects = {

/* Begin PBXBuildFile section */
		9B1DE094162758C90081A0FF /* Renaissance.framework in CopyFiles */ = {isa = PBXBuildFile; fileRef = 9B95E581157C17F3009493DE /* Renaissance.framework */; };
		9B1DE095162758C90081A0FF /* RSWebSocketApplication.framework in CopyFiles */ = {isa = PBXBuildFile; fileRef = 9B0BE80715B896760080ADC7 /* RSWebSocketApplication.framework */; };
		9B30C02815EBE93B003B6AB5 /* Cocoa.framework in Frameworks */ = {isa = PBXBuildFile; fileRef = 9B68E8DB13FCB4AC00685A32 /* Cocoa.framework */; };
		9B30C04215EBE94C003B6AB5 /* VAMain.m in Sources */ = {isa = PBXBuildFile; fileRef = 9BCB31A2157C225000DB7961 /* VAMain.m */; settings = {COMPILER_FLAGS = "-fno-objc-arc"; }; };
		9B30C04315EBE987003B6AB5 /* main.m in Sources */ = {isa = PBXBuildFile; fileRef = 9BCB3198157C221800DB7961 /* main.m */; settings = {COMPILER_FLAGS = "-fno-objc-arc"; }; };
		9B30C04415EBE992003B6AB5 /* Renaissance.framework in Frameworks */ = {isa = PBXBuildFile; fileRef = 9B95E581157C17F3009493DE /* Renaissance.framework */; };
		9B30C04515EBE992003B6AB5 /* RSWebSocketApplication.framework in Frameworks */ = {isa = PBXBuildFile; fileRef = 9B0BE80715B896760080ADC7 /* RSWebSocketApplication.framework */; };
		9B30C04615EBE99B003B6AB5 /* Credits.rtf in Resources */ = {isa = PBXBuildFile; fileRef = 9BC24968157C24310074F558 /* Credits.rtf */; };
		9B30C04715EBE99B003B6AB5 /* InfoPlist.strings in Resources */ = {isa = PBXBuildFile; fileRef = 9BC2496A157C24310074F558 /* InfoPlist.strings */; };
		9B30C04815EBEF3E003B6AB5 /* MainMenu.xib in Resources */ = {isa = PBXBuildFile; fileRef = 9BC24972157C24570074F558 /* MainMenu.xib */; };
		9B30C04B15EC1EB0003B6AB5 /* RSURLField.m in Sources */ = {isa = PBXBuildFile; fileRef = 9B30C04A15EC1EB0003B6AB5 /* RSURLField.m */; settings = {COMPILER_FLAGS = "-fno-objc-arc"; }; };
		9B30C04E15F2A2D2003B6AB5 /* exclamation.png in Resources */ = {isa = PBXBuildFile; fileRef = 9B30C04C15F2A2D2003B6AB5 /* exclamation.png */; };
		9B30C04F15F2A2D2003B6AB5 /* exclamation@2x.png in Resources */ = {isa = PBXBuildFile; fileRef = 9B30C04D15F2A2D2003B6AB5 /* exclamation@2x.png */; };
		9B83BE86178B923F00BFFBBD /* NSLogConsole.xib in Resources */ = {isa = PBXBuildFile; fileRef = 9B83BE85178B923F00BFFBBD /* NSLogConsole.xib */; };
		9B83BE98178B942F00BFFBBD /* NSLogConsole.m in Sources */ = {isa = PBXBuildFile; fileRef = 9B83BE94178B924E00BFFBBD /* NSLogConsole.m */; };
		9B83BE9A178B94A800BFFBBD /* WebKit.framework in Frameworks */ = {isa = PBXBuildFile; fileRef = 9B83BE99178B94A800BFFBBD /* WebKit.framework */; };
		9B83BE9B178B995500BFFBBD /* NSLogConsole.html in Resources */ = {isa = PBXBuildFile; fileRef = 9B83BE93178B924E00BFFBBD /* NSLogConsole.html */; };
		9B83BEA11792034C00BFFBBD /* GenericWSApplicationIcon.icns in Resources */ = {isa = PBXBuildFile; fileRef = 9B83BEA01792034C00BFFBBD /* GenericWSApplicationIcon.icns */; };
		9B83BEAF179204F400BFFBBD /* History.txt in Resources */ = {isa = PBXBuildFile; fileRef = 9B83BEA3179204F400BFFBBD /* History.txt */; };
		9B83BEB0179204F400BFFBBD /* License.txt in Resources */ = {isa = PBXBuildFile; fileRef = 9B83BEA4179204F400BFFBBD /* License.txt */; };
		9B83BEB1179204F400BFFBBD /* NSBezierPath+RoundRect.m in Sources */ = {isa = PBXBuildFile; fileRef = 9B83BEA6179204F400BFFBBD /* NSBezierPath+RoundRect.m */; };
		9B83BEB2179204F400BFFBBD /* NSImage-Extras.m in Sources */ = {isa = PBXBuildFile; fileRef = 9B83BEA8179204F400BFFBBD /* NSImage-Extras.m */; };
		9B83BEB3179204F400BFFBBD /* NSSortDescriptor+Layers.m in Sources */ = {isa = PBXBuildFile; fileRef = 9B83BEAA179204F400BFFBBD /* NSSortDescriptor+Layers.m */; };
		9B83BEB4179204F400BFFBBD /* THCanvasItem.m in Sources */ = {isa = PBXBuildFile; fileRef = 9B83BEAC179204F400BFFBBD /* THCanvasItem.m */; };
		9B83BEB5179204F400BFFBBD /* THCanvasView.m in Sources */ = {isa = PBXBuildFile; fileRef = 9B83BEAE179204F400BFFBBD /* THCanvasView.m */; };
		9B83BEB8179207E100BFFBBD /* VAAppListController.m in Sources */ = {isa = PBXBuildFile; fileRef = 9B83BEB7179207E100BFFBBD /* VAAppListController.m */; };
		9B9F2F5117FBB98300B25CB5 /* NSObject+DumpClassInfo.m in Sources */ = {isa = PBXBuildFile; fileRef = 9B9F2F4F17FBB98300B25CB5 /* NSObject+DumpClassInfo.m */; };
		9BE96AD8182ACE2400B5F3A0 /* Vernacular servers in Resources */ = {isa = PBXBuildFile; fileRef = 9BE96AD7182ACE2400B5F3A0 /* Vernacular servers */; };
		9BF0613B17A9685300A13FDA /* ApplicationShim.m in Sources */ = {isa = PBXBuildFile; fileRef = 9BF0613A17A9685300A13FDA /* ApplicationShim.m */; };
		9BF0613E17B9781B00A13FDA /* ControllerShim.m in Sources */ = {isa = PBXBuildFile; fileRef = 9BF0613D17B9781B00A13FDA /* ControllerShim.m */; };
		9BFAD3BD17A70B5D001FCAD2 /* VADefines.m in Sources */ = {isa = PBXBuildFile; fileRef = 9BFAD3BC17A70B5D001FCAD2 /* VADefines.m */; };
/* End PBXBuildFile section */

/* Begin PBXContainerItemProxy section */
		9B0BE80615B896760080ADC7 /* PBXContainerItemProxy */ = {
			isa = PBXContainerItemProxy;
			containerPortal = 9B0BE7F515B896760080ADC7 /* RSWebSocketApplication.xcodeproj */;
			proxyType = 2;
			remoteGlobalIDString = 9B0BE7C515B8964B0080ADC7;
			remoteInfo = RSWebSocketApplication;
		};
		9B0BE80815B896760080ADC7 /* PBXContainerItemProxy */ = {
			isa = PBXContainerItemProxy;
			containerPortal = 9B0BE7F515B896760080ADC7 /* RSWebSocketApplication.xcodeproj */;
			proxyType = 2;
			remoteGlobalIDString = 9B0BE7DD15B8964B0080ADC7;
			remoteInfo = RSWebSocketApplicationTests;
		};
		9B30C01D15EBE8DB003B6AB5 /* PBXContainerItemProxy */ = {
			isa = PBXContainerItemProxy;
			containerPortal = 9B95E57B157C17F3009493DE /* Renaissance.xcodeproj */;
			proxyType = 2;
			remoteGlobalIDString = 9B30BFEB15EBE8C1003B6AB5;
			remoteInfo = Test;
		};
		9B30C03E15EBE946003B6AB5 /* PBXContainerItemProxy */ = {
			isa = PBXContainerItemProxy;
			containerPortal = 9B95E57B157C17F3009493DE /* Renaissance.xcodeproj */;
			proxyType = 1;
			remoteGlobalIDString = 9BF7579C141453E000EDFE39;
			remoteInfo = Renaissance;
		};
		9B30C04015EBE946003B6AB5 /* PBXContainerItemProxy */ = {
			isa = PBXContainerItemProxy;
			containerPortal = 9B0BE7F515B896760080ADC7 /* RSWebSocketApplication.xcodeproj */;
			proxyType = 1;
			remoteGlobalIDString = 9B0BE7C415B8964B0080ADC7;
			remoteInfo = RSWebSocketApplication;
		};
		9B95E580157C17F3009493DE /* PBXContainerItemProxy */ = {
			isa = PBXContainerItemProxy;
			containerPortal = 9B95E57B157C17F3009493DE /* Renaissance.xcodeproj */;
			proxyType = 2;
			remoteGlobalIDString = 9BF7579D141453E000EDFE39;
			remoteInfo = Renaissance;
		};
		9B95E582157C17F3009493DE /* PBXContainerItemProxy */ = {
			isa = PBXContainerItemProxy;
			containerPortal = 9B95E57B157C17F3009493DE /* Renaissance.xcodeproj */;
			proxyType = 2;
			remoteGlobalIDString = 9BF757B5141453E000EDFE39;
			remoteInfo = RenaissanceTests;
		};
/* End PBXContainerItemProxy section */

/* Begin PBXCopyFilesBuildPhase section */
		9B1DE093162758BC0081A0FF /* CopyFiles */ = {
			isa = PBXCopyFilesBuildPhase;
			buildActionMask = 2147483647;
			dstPath = "";
			dstSubfolderSpec = 10;
			files = (
				9B1DE094162758C90081A0FF /* Renaissance.framework in CopyFiles */,
				9B1DE095162758C90081A0FF /* RSWebSocketApplication.framework in CopyFiles */,
			);
			runOnlyForDeploymentPostprocessing = 0;
		};
/* End PBXCopyFilesBuildPhase section */

/* Begin PBXFileReference section */
		9B0BE7F515B896760080ADC7 /* RSWebSocketApplication.xcodeproj */ = {isa = PBXFileReference; lastKnownFileType = "wrapper.pb-project"; name = RSWebSocketApplication.xcodeproj; path = ../RSWebSocketApplication/RSWebSocketApplication.xcodeproj; sourceTree = "<group>"; };
		9B30C02615EBE93B003B6AB5 /* Vernacular.app */ = {isa = PBXFileReference; explicitFileType = wrapper.application; includeInIndex = 0; path = Vernacular.app; sourceTree = BUILT_PRODUCTS_DIR; };
		9B30C04915EC1EB0003B6AB5 /* RSURLField.h */ = {isa = PBXFileReference; fileEncoding = 4; lastKnownFileType = sourcecode.c.h; name = RSURLField.h; path = client/RSURLField.h; sourceTree = SOURCE_ROOT; };
		9B30C04A15EC1EB0003B6AB5 /* RSURLField.m */ = {isa = PBXFileReference; fileEncoding = 4; lastKnownFileType = sourcecode.c.objc; name = RSURLField.m; path = client/RSURLField.m; sourceTree = SOURCE_ROOT; };
		9B30C04C15F2A2D2003B6AB5 /* exclamation.png */ = {isa = PBXFileReference; lastKnownFileType = image.png; path = exclamation.png; sourceTree = "<group>"; };
		9B30C04D15F2A2D2003B6AB5 /* exclamation@2x.png */ = {isa = PBXFileReference; lastKnownFileType = image.png; path = "exclamation@2x.png"; sourceTree = "<group>"; };
		9B68E8DB13FCB4AC00685A32 /* Cocoa.framework */ = {isa = PBXFileReference; lastKnownFileType = wrapper.framework; name = Cocoa.framework; path = System/Library/Frameworks/Cocoa.framework; sourceTree = SDKROOT; };
		9B68E8DE13FCB4AC00685A32 /* AppKit.framework */ = {isa = PBXFileReference; lastKnownFileType = wrapper.framework; name = AppKit.framework; path = System/Library/Frameworks/AppKit.framework; sourceTree = SDKROOT; };
		9B68E8DF13FCB4AC00685A32 /* CoreData.framework */ = {isa = PBXFileReference; lastKnownFileType = wrapper.framework; name = CoreData.framework; path = System/Library/Frameworks/CoreData.framework; sourceTree = SDKROOT; };
		9B68E8E013FCB4AC00685A32 /* Foundation.framework */ = {isa = PBXFileReference; lastKnownFileType = wrapper.framework; name = Foundation.framework; path = System/Library/Frameworks/Foundation.framework; sourceTree = SDKROOT; };
		9B83BE85178B923F00BFFBBD /* NSLogConsole.xib */ = {isa = PBXFileReference; fileEncoding = 4; lastKnownFileType = file.xib; path = NSLogConsole.xib; sourceTree = "<group>"; };
		9B83BE92178B924E00BFFBBD /* NSLogConsole.h */ = {isa = PBXFileReference; lastKnownFileType = sourcecode.c.h; path = NSLogConsole.h; sourceTree = "<group>"; };
		9B83BE93178B924E00BFFBBD /* NSLogConsole.html */ = {isa = PBXFileReference; lastKnownFileType = text.html; path = NSLogConsole.html; sourceTree = "<group>"; };
		9B83BE94178B924E00BFFBBD /* NSLogConsole.m */ = {isa = PBXFileReference; lastKnownFileType = sourcecode.c.objc; path = NSLogConsole.m; sourceTree = "<group>"; };
		9B83BE99178B94A800BFFBBD /* WebKit.framework */ = {isa = PBXFileReference; lastKnownFileType = wrapper.framework; name = WebKit.framework; path = System/Library/Frameworks/WebKit.framework; sourceTree = SDKROOT; };
		9B83BEA01792034C00BFFBBD /* GenericWSApplicationIcon.icns */ = {isa = PBXFileReference; lastKnownFileType = image.icns; path = GenericWSApplicationIcon.icns; sourceTree = "<group>"; };
		9B83BEA3179204F400BFFBBD /* History.txt */ = {isa = PBXFileReference; fileEncoding = 4; lastKnownFileType = text; path = History.txt; sourceTree = "<group>"; };
		9B83BEA4179204F400BFFBBD /* License.txt */ = {isa = PBXFileReference; fileEncoding = 4; lastKnownFileType = text; path = License.txt; sourceTree = "<group>"; };
		9B83BEA5179204F400BFFBBD /* NSBezierPath+RoundRect.h */ = {isa = PBXFileReference; fileEncoding = 4; lastKnownFileType = sourcecode.c.h; path = "NSBezierPath+RoundRect.h"; sourceTree = "<group>"; };
		9B83BEA6179204F400BFFBBD /* NSBezierPath+RoundRect.m */ = {isa = PBXFileReference; fileEncoding = 4; lastKnownFileType = sourcecode.c.objc; path = "NSBezierPath+RoundRect.m"; sourceTree = "<group>"; };
		9B83BEA7179204F400BFFBBD /* NSImage-Extras.h */ = {isa = PBXFileReference; fileEncoding = 4; lastKnownFileType = sourcecode.c.h; path = "NSImage-Extras.h"; sourceTree = "<group>"; };
		9B83BEA8179204F400BFFBBD /* NSImage-Extras.m */ = {isa = PBXFileReference; fileEncoding = 4; lastKnownFileType = sourcecode.c.objc; path = "NSImage-Extras.m"; sourceTree = "<group>"; };
		9B83BEA9179204F400BFFBBD /* NSSortDescriptor+Layers.h */ = {isa = PBXFileReference; fileEncoding = 4; lastKnownFileType = sourcecode.c.h; path = "NSSortDescriptor+Layers.h"; sourceTree = "<group>"; };
		9B83BEAA179204F400BFFBBD /* NSSortDescriptor+Layers.m */ = {isa = PBXFileReference; fileEncoding = 4; lastKnownFileType = sourcecode.c.objc; path = "NSSortDescriptor+Layers.m"; sourceTree = "<group>"; };
		9B83BEAB179204F400BFFBBD /* THCanvasItem.h */ = {isa = PBXFileReference; fileEncoding = 4; lastKnownFileType = sourcecode.c.h; path = THCanvasItem.h; sourceTree = "<group>"; };
		9B83BEAC179204F400BFFBBD /* THCanvasItem.m */ = {isa = PBXFileReference; fileEncoding = 4; lastKnownFileType = sourcecode.c.objc; path = THCanvasItem.m; sourceTree = "<group>"; };
		9B83BEAD179204F400BFFBBD /* THCanvasView.h */ = {isa = PBXFileReference; fileEncoding = 4; lastKnownFileType = sourcecode.c.h; path = THCanvasView.h; sourceTree = "<group>"; };
		9B83BEAE179204F400BFFBBD /* THCanvasView.m */ = {isa = PBXFileReference; fileEncoding = 4; lastKnownFileType = sourcecode.c.objc; path = THCanvasView.m; sourceTree = "<group>"; };
		9B83BEB6179207E100BFFBBD /* VAAppListController.h */ = {isa = PBXFileReference; fileEncoding = 4; lastKnownFileType = sourcecode.c.h; name = VAAppListController.h; path = client/VAAppListController.h; sourceTree = SOURCE_ROOT; };
		9B83BEB7179207E100BFFBBD /* VAAppListController.m */ = {isa = PBXFileReference; fileEncoding = 4; lastKnownFileType = sourcecode.c.objc; name = VAAppListController.m; path = client/VAAppListController.m; sourceTree = SOURCE_ROOT; };
		9B87846A15E43192000264F8 /* SenTestingKit.framework */ = {isa = PBXFileReference; lastKnownFileType = wrapper.framework; name = SenTestingKit.framework; path = Library/Frameworks/SenTestingKit.framework; sourceTree = DEVELOPER_DIR; };
		9B95E57B157C17F3009493DE /* Renaissance.xcodeproj */ = {isa = PBXFileReference; lastKnownFileType = "wrapper.pb-project"; name = Renaissance.xcodeproj; path = ../Renaissance/Renaissance.xcodeproj; sourceTree = "<group>"; };
		9B9F2F4F17FBB98300B25CB5 /* NSObject+DumpClassInfo.m */ = {isa = PBXFileReference; fileEncoding = 4; lastKnownFileType = sourcecode.c.objc; name = "NSObject+DumpClassInfo.m"; path = "Vernacular/Vernacular/NSObject+DumpClassInfo.m"; sourceTree = "<group>"; };
		9B9F2F5017FBB98300B25CB5 /* NSObject+DumpClassInfo.h */ = {isa = PBXFileReference; fileEncoding = 4; lastKnownFileType = sourcecode.c.h; name = "NSObject+DumpClassInfo.h"; path = "Vernacular/Vernacular/NSObject+DumpClassInfo.h"; sourceTree = "<group>"; };
		9BC24969157C24310074F558 /* en */ = {isa = PBXFileReference; lastKnownFileType = text.rtf; name = en; path = client/en.lproj/Credits.rtf; sourceTree = SOURCE_ROOT; };
		9BC2496B157C24310074F558 /* en */ = {isa = PBXFileReference; lastKnownFileType = text.plist.strings; name = en; path = client/en.lproj/InfoPlist.strings; sourceTree = SOURCE_ROOT; };
		9BC24973157C24570074F558 /* en */ = {isa = PBXFileReference; lastKnownFileType = file.xib; name = en; path = client/en.lproj/MainMenu.xib; sourceTree = SOURCE_ROOT; };
		9BCB3198157C221800DB7961 /* main.m */ = {isa = PBXFileReference; fileEncoding = 4; lastKnownFileType = sourcecode.c.objc; name = main.m; path = client/main.m; sourceTree = SOURCE_ROOT; };
		9BCB3199157C221800DB7961 /* Vernacular-Info.plist */ = {isa = PBXFileReference; fileEncoding = 4; lastKnownFileType = text.plist.xml; name = "Vernacular-Info.plist"; path = "client/Vernacular-Info.plist"; sourceTree = SOURCE_ROOT; };
		9BCB319A157C221800DB7961 /* Vernacular-Prefix.pch */ = {isa = PBXFileReference; fileEncoding = 4; lastKnownFileType = sourcecode.c.h; name = "Vernacular-Prefix.pch"; path = "client/Vernacular-Prefix.pch"; sourceTree = SOURCE_ROOT; };
		9BCB31A1157C225000DB7961 /* VAMain.h */ = {isa = PBXFileReference; fileEncoding = 4; lastKnownFileType = sourcecode.c.h; name = VAMain.h; path = client/VAMain.h; sourceTree = SOURCE_ROOT; };
		9BCB31A2157C225000DB7961 /* VAMain.m */ = {isa = PBXFileReference; fileEncoding = 4; lastKnownFileType = sourcecode.c.objc; name = VAMain.m; path = client/VAMain.m; sourceTree = SOURCE_ROOT; };
		9BE96AD7182ACE2400B5F3A0 /* Vernacular servers */ = {isa = PBXFileReference; lastKnownFileType = folder; path = "Vernacular servers"; sourceTree = SOURCE_ROOT; };
		9BF0613917A9685300A13FDA /* ApplicationShim.h */ = {isa = PBXFileReference; fileEncoding = 4; lastKnownFileType = sourcecode.c.h; name = ApplicationShim.h; path = client/ApplicationShim.h; sourceTree = SOURCE_ROOT; };
		9BF0613A17A9685300A13FDA /* ApplicationShim.m */ = {isa = PBXFileReference; fileEncoding = 4; lastKnownFileType = sourcecode.c.objc; name = ApplicationShim.m; path = client/ApplicationShim.m; sourceTree = SOURCE_ROOT; };
		9BF0613C17B9781B00A13FDA /* ControllerShim.h */ = {isa = PBXFileReference; fileEncoding = 4; lastKnownFileType = sourcecode.c.h; name = ControllerShim.h; path = client/ControllerShim.h; sourceTree = SOURCE_ROOT; };
		9BF0613D17B9781B00A13FDA /* ControllerShim.m */ = {isa = PBXFileReference; fileEncoding = 4; lastKnownFileType = sourcecode.c.objc; name = ControllerShim.m; path = client/ControllerShim.m; sourceTree = SOURCE_ROOT; };
		9BFAD3BB17A70B5D001FCAD2 /* VADefines.h */ = {isa = PBXFileReference; fileEncoding = 4; lastKnownFileType = sourcecode.c.h; name = VADefines.h; path = client/VADefines.h; sourceTree = SOURCE_ROOT; };
		9BFAD3BC17A70B5D001FCAD2 /* VADefines.m */ = {isa = PBXFileReference; fileEncoding = 4; lastKnownFileType = sourcecode.c.objc; name = VADefines.m; path = client/VADefines.m; sourceTree = SOURCE_ROOT; };
/* End PBXFileReference section */

/* Begin PBXFrameworksBuildPhase section */
		9B30C02315EBE93B003B6AB5 /* Frameworks */ = {
			isa = PBXFrameworksBuildPhase;
			buildActionMask = 2147483647;
			files = (
				9B83BE9A178B94A800BFFBBD /* WebKit.framework in Frameworks */,
				9B30C04415EBE992003B6AB5 /* Renaissance.framework in Frameworks */,
				9B30C04515EBE992003B6AB5 /* RSWebSocketApplication.framework in Frameworks */,
				9B30C02815EBE93B003B6AB5 /* Cocoa.framework in Frameworks */,
			);
			runOnlyForDeploymentPostprocessing = 0;
		};
/* End PBXFrameworksBuildPhase section */

/* Begin PBXGroup section */
		9B0BE7F615B896760080ADC7 /* Products */ = {
			isa = PBXGroup;
			children = (
				9B0BE80715B896760080ADC7 /* RSWebSocketApplication.framework */,
				9B0BE80915B896760080ADC7 /* RSWebSocketApplicationTests.octest */,
			);
			name = Products;
			sourceTree = "<group>";
		};
		9B30C02915EBE93B003B6AB5 /* Vernacular client */ = {
			isa = PBXGroup;
			children = (
				9BCB31A1157C225000DB7961 /* VAMain.h */,
				9BCB31A2157C225000DB7961 /* VAMain.m */,
				9B83BEB6179207E100BFFBBD /* VAAppListController.h */,
				9B83BEB7179207E100BFFBBD /* VAAppListController.m */,
				9BFAD3BB17A70B5D001FCAD2 /* VADefines.h */,
				9BFAD3BC17A70B5D001FCAD2 /* VADefines.m */,
				9BF0613917A9685300A13FDA /* ApplicationShim.h */,
				9BF0613A17A9685300A13FDA /* ApplicationShim.m */,
				9BF0613C17B9781B00A13FDA /* ControllerShim.h */,
				9BF0613D17B9781B00A13FDA /* ControllerShim.m */,
				9BC24972157C24570074F558 /* MainMenu.xib */,
				9B68E8E213FCB4AC00685A32 /* Supporting Files */,
			);
			name = "Vernacular client";
			path = Vernacular;
			sourceTree = "<group>";
		};
		9B5D10141857DE91002CCD54 /* NSObject+DumpClassInfo */ = {
			isa = PBXGroup;
			children = (
				9B9F2F4F17FBB98300B25CB5 /* NSObject+DumpClassInfo.m */,
				9B9F2F5017FBB98300B25CB5 /* NSObject+DumpClassInfo.h */,
			);
			name = "NSObject+DumpClassInfo";
			path = ../..;
			sourceTree = "<group>";
		};
		9B68E8CC13FCB4AB00685A32 = {
			isa = PBXGroup;
			children = (
				9B95E57B157C17F3009493DE /* Renaissance.xcodeproj */,
				9B0BE7F515B896760080ADC7 /* RSWebSocketApplication.xcodeproj */,
				9BE96AD7182ACE2400B5F3A0 /* Vernacular servers */,
				9B30C02915EBE93B003B6AB5 /* Vernacular client */,
				9B68E8DA13FCB4AC00685A32 /* Frameworks */,
				9B68E8D813FCB4AC00685A32 /* Products */,
			);
			sourceTree = "<group>";
		};
		9B68E8D813FCB4AC00685A32 /* Products */ = {
			isa = PBXGroup;
			children = (
				9B30C02615EBE93B003B6AB5 /* Vernacular.app */,
			);
			name = Products;
			sourceTree = "<group>";
		};
		9B68E8DA13FCB4AC00685A32 /* Frameworks */ = {
			isa = PBXGroup;
			children = (
				9B83BE99178B94A800BFFBBD /* WebKit.framework */,
				9B68E8DB13FCB4AC00685A32 /* Cocoa.framework */,
				9B87846A15E43192000264F8 /* SenTestingKit.framework */,
				9B68E8DD13FCB4AC00685A32 /* Other Frameworks */,
			);
			name = Frameworks;
			sourceTree = "<group>";
		};
		9B68E8DD13FCB4AC00685A32 /* Other Frameworks */ = {
			isa = PBXGroup;
			children = (
				9B68E8DE13FCB4AC00685A32 /* AppKit.framework */,
				9B68E8DF13FCB4AC00685A32 /* CoreData.framework */,
				9B68E8E013FCB4AC00685A32 /* Foundation.framework */,
			);
			name = "Other Frameworks";
			sourceTree = "<group>";
		};
		9B68E8E213FCB4AC00685A32 /* Supporting Files */ = {
			isa = PBXGroup;
			children = (
				9B5D10141857DE91002CCD54 /* NSObject+DumpClassInfo */,
				9BFAD3C117A70D18001FCAD2 /* RSURLField */,
				9B83BEA2179204F400BFFBBD /* CanvasView */,
				9B83BE84178B922300BFFBBD /* NSLogConsole */,
				9B83BEA01792034C00BFFBBD /* GenericWSApplicationIcon.icns */,
				9B30C04C15F2A2D2003B6AB5 /* exclamation.png */,
				9B30C04D15F2A2D2003B6AB5 /* exclamation@2x.png */,
				9BC24968157C24310074F558 /* Credits.rtf */,
				9BC2496A157C24310074F558 /* InfoPlist.strings */,
				9BCB3198157C221800DB7961 /* main.m */,
				9BCB3199157C221800DB7961 /* Vernacular-Info.plist */,
				9BCB319A157C221800DB7961 /* Vernacular-Prefix.pch */,
			);
			name = "Supporting Files";
			sourceTree = "<group>";
		};
		9B83BE84178B922300BFFBBD /* NSLogConsole */ = {
			isa = PBXGroup;
			children = (
				9B83BE92178B924E00BFFBBD /* NSLogConsole.h */,
				9B83BE93178B924E00BFFBBD /* NSLogConsole.html */,
				9B83BE94178B924E00BFFBBD /* NSLogConsole.m */,
				9B83BE85178B923F00BFFBBD /* NSLogConsole.xib */,
			);
			name = NSLogConsole;
			sourceTree = "<group>";
		};
		9B83BEA2179204F400BFFBBD /* CanvasView */ = {
			isa = PBXGroup;
			children = (
				9B83BEA3179204F400BFFBBD /* History.txt */,
				9B83BEA4179204F400BFFBBD /* License.txt */,
				9B83BEA5179204F400BFFBBD /* NSBezierPath+RoundRect.h */,
				9B83BEA6179204F400BFFBBD /* NSBezierPath+RoundRect.m */,
				9B83BEA7179204F400BFFBBD /* NSImage-Extras.h */,
				9B83BEA8179204F400BFFBBD /* NSImage-Extras.m */,
				9B83BEA9179204F400BFFBBD /* NSSortDescriptor+Layers.h */,
				9B83BEAA179204F400BFFBBD /* NSSortDescriptor+Layers.m */,
				9B83BEAB179204F400BFFBBD /* THCanvasItem.h */,
				9B83BEAC179204F400BFFBBD /* THCanvasItem.m */,
				9B83BEAD179204F400BFFBBD /* THCanvasView.h */,
				9B83BEAE179204F400BFFBBD /* THCanvasView.m */,
			);
			name = CanvasView;
			path = "THCanvasView-10";
			sourceTree = "<group>";
		};
		9B95E57C157C17F3009493DE /* Products */ = {
			isa = PBXGroup;
			children = (
				9B95E581157C17F3009493DE /* Renaissance.framework */,
				9B95E583157C17F3009493DE /* RenaissanceTests.octest */,
				9B30C01E15EBE8DB003B6AB5 /* Test.app */,
			);
			name = Products;
			sourceTree = "<group>";
		};
		9BFAD3C117A70D18001FCAD2 /* RSURLField */ = {
			isa = PBXGroup;
			children = (
				9B30C04915EC1EB0003B6AB5 /* RSURLField.h */,
				9B30C04A15EC1EB0003B6AB5 /* RSURLField.m */,
			);
			name = RSURLField;
			sourceTree = "<group>";
		};
/* End PBXGroup section */

/* Begin PBXNativeTarget section */
		9B30C02515EBE93B003B6AB5 /* Vernacular */ = {
			isa = PBXNativeTarget;
			buildConfigurationList = 9B30C03B15EBE93C003B6AB5 /* Build configuration list for PBXNativeTarget "Vernacular" */;
			buildPhases = (
				9B30C02215EBE93B003B6AB5 /* Sources */,
				9B30C02315EBE93B003B6AB5 /* Frameworks */,
				9B30C02415EBE93B003B6AB5 /* Resources */,
				9B1DE093162758BC0081A0FF /* CopyFiles */,
			);
			buildRules = (
			);
			dependencies = (
				9B30C03F15EBE946003B6AB5 /* PBXTargetDependency */,
				9B30C04115EBE946003B6AB5 /* PBXTargetDependency */,
			);
			name = Vernacular;
			productName = Vernacular;
			productReference = 9B30C02615EBE93B003B6AB5 /* Vernacular.app */;
			productType = "com.apple.product-type.application";
		};
/* End PBXNativeTarget section */

/* Begin PBXProject section */
		9B68E8CE13FCB4AB00685A32 /* Project object */ = {
			isa = PBXProject;
			attributes = {
				LastUpgradeCheck = 0500;
			};
			buildConfigurationList = 9B68E8D113FCB4AB00685A32 /* Build configuration list for PBXProject "Vernacular" */;
			compatibilityVersion = "Xcode 3.2";
			developmentRegion = English;
			hasScannedForEncodings = 0;
			knownRegions = (
				en,
				English,
			);
			mainGroup = 9B68E8CC13FCB4AB00685A32;
			productRefGroup = 9B68E8D813FCB4AC00685A32 /* Products */;
			projectDirPath = "";
			projectReferences = (
				{
					ProductGroup = 9B95E57C157C17F3009493DE /* Products */;
					ProjectRef = 9B95E57B157C17F3009493DE /* Renaissance.xcodeproj */;
				},
				{
					ProductGroup = 9B0BE7F615B896760080ADC7 /* Products */;
					ProjectRef = 9B0BE7F515B896760080ADC7 /* RSWebSocketApplication.xcodeproj */;
				},
			);
			projectRoot = "";
			targets = (
				9B30C02515EBE93B003B6AB5 /* Vernacular */,
			);
		};
/* End PBXProject section */

/* Begin PBXReferenceProxy section */
		9B0BE80715B896760080ADC7 /* RSWebSocketApplication.framework */ = {
			isa = PBXReferenceProxy;
			fileType = wrapper.framework;
			path = RSWebSocketApplication.framework;
			remoteRef = 9B0BE80615B896760080ADC7 /* PBXContainerItemProxy */;
			sourceTree = BUILT_PRODUCTS_DIR;
		};
		9B0BE80915B896760080ADC7 /* RSWebSocketApplicationTests.octest */ = {
			isa = PBXReferenceProxy;
			fileType = wrapper.cfbundle;
			path = RSWebSocketApplicationTests.octest;
			remoteRef = 9B0BE80815B896760080ADC7 /* PBXContainerItemProxy */;
			sourceTree = BUILT_PRODUCTS_DIR;
		};
		9B30C01E15EBE8DB003B6AB5 /* Test.app */ = {
			isa = PBXReferenceProxy;
			fileType = wrapper.application;
			path = Test.app;
			remoteRef = 9B30C01D15EBE8DB003B6AB5 /* PBXContainerItemProxy */;
			sourceTree = BUILT_PRODUCTS_DIR;
		};
		9B95E581157C17F3009493DE /* Renaissance.framework */ = {
			isa = PBXReferenceProxy;
			fileType = wrapper.framework;
			path = Renaissance.framework;
			remoteRef = 9B95E580157C17F3009493DE /* PBXContainerItemProxy */;
			sourceTree = BUILT_PRODUCTS_DIR;
		};
		9B95E583157C17F3009493DE /* RenaissanceTests.octest */ = {
			isa = PBXReferenceProxy;
			fileType = wrapper.cfbundle;
			path = RenaissanceTests.octest;
			remoteRef = 9B95E582157C17F3009493DE /* PBXContainerItemProxy */;
			sourceTree = BUILT_PRODUCTS_DIR;
		};
/* End PBXReferenceProxy section */

/* Begin PBXResourcesBuildPhase section */
		9B30C02415EBE93B003B6AB5 /* Resources */ = {
			isa = PBXResourcesBuildPhase;
			buildActionMask = 2147483647;
			files = (
				9B83BE9B178B995500BFFBBD /* NSLogConsole.html in Resources */,
				9B30C04615EBE99B003B6AB5 /* Credits.rtf in Resources */,
				9B30C04715EBE99B003B6AB5 /* InfoPlist.strings in Resources */,
				9B30C04815EBEF3E003B6AB5 /* MainMenu.xib in Resources */,
				9B30C04E15F2A2D2003B6AB5 /* exclamation.png in Resources */,
				9B30C04F15F2A2D2003B6AB5 /* exclamation@2x.png in Resources */,
				9B83BE86178B923F00BFFBBD /* NSLogConsole.xib in Resources */,
				9B83BEA11792034C00BFFBBD /* GenericWSApplicationIcon.icns in Resources */,
				9B83BEAF179204F400BFFBBD /* History.txt in Resources */,
				9BE96AD8182ACE2400B5F3A0 /* Vernacular servers in Resources */,
				9B83BEB0179204F400BFFBBD /* License.txt in Resources */,
			);
			runOnlyForDeploymentPostprocessing = 0;
		};
/* End PBXResourcesBuildPhase section */

/* Begin PBXSourcesBuildPhase section */
		9B30C02215EBE93B003B6AB5 /* Sources */ = {
			isa = PBXSourcesBuildPhase;
			buildActionMask = 2147483647;
			files = (
				9B83BE98178B942F00BFFBBD /* NSLogConsole.m in Sources */,
				9B30C04215EBE94C003B6AB5 /* VAMain.m in Sources */,
				9B9F2F5117FBB98300B25CB5 /* NSObject+DumpClassInfo.m in Sources */,
				9B30C04315EBE987003B6AB5 /* main.m in Sources */,
				9B30C04B15EC1EB0003B6AB5 /* RSURLField.m in Sources */,
				9B83BEB1179204F400BFFBBD /* NSBezierPath+RoundRect.m in Sources */,
				9B83BEB2179204F400BFFBBD /* NSImage-Extras.m in Sources */,
				9B83BEB3179204F400BFFBBD /* NSSortDescriptor+Layers.m in Sources */,
				9B83BEB4179204F400BFFBBD /* THCanvasItem.m in Sources */,
				9B83BEB5179204F400BFFBBD /* THCanvasView.m in Sources */,
				9B83BEB8179207E100BFFBBD /* VAAppListController.m in Sources */,
				9BFAD3BD17A70B5D001FCAD2 /* VADefines.m in Sources */,
				9BF0613B17A9685300A13FDA /* ApplicationShim.m in Sources */,
				9BF0613E17B9781B00A13FDA /* ControllerShim.m in Sources */,
			);
			runOnlyForDeploymentPostprocessing = 0;
		};
/* End PBXSourcesBuildPhase section */

/* Begin PBXTargetDependency section */
		9B30C03F15EBE946003B6AB5 /* PBXTargetDependency */ = {
			isa = PBXTargetDependency;
			name = Renaissance;
			targetProxy = 9B30C03E15EBE946003B6AB5 /* PBXContainerItemProxy */;
		};
		9B30C04115EBE946003B6AB5 /* PBXTargetDependency */ = {
			isa = PBXTargetDependency;
			name = RSWebSocketApplication;
			targetProxy = 9B30C04015EBE946003B6AB5 /* PBXContainerItemProxy */;
		};
/* End PBXTargetDependency section */

/* Begin PBXVariantGroup section */
		9BC24968157C24310074F558 /* Credits.rtf */ = {
			isa = PBXVariantGroup;
			children = (
				9BC24969157C24310074F558 /* en */,
			);
			name = Credits.rtf;
			sourceTree = "<group>";
		};
		9BC2496A157C24310074F558 /* InfoPlist.strings */ = {
			isa = PBXVariantGroup;
			children = (
				9BC2496B157C24310074F558 /* en */,
			);
			name = InfoPlist.strings;
			sourceTree = "<group>";
		};
		9BC24972157C24570074F558 /* MainMenu.xib */ = {
			isa = PBXVariantGroup;
			children = (
				9BC24973157C24570074F558 /* en */,
			);
			name = MainMenu.xib;
			sourceTree = "<group>";
		};
/* End PBXVariantGroup section */

/* Begin XCBuildConfiguration section */
		9B30C03C15EBE93C003B6AB5 /* Debug */ = {
			isa = XCBuildConfiguration;
			buildSettings = {
				CLANG_CXX_LANGUAGE_STANDARD = "gnu++0x";
				CLANG_ENABLE_OBJC_ARC = YES;
				CLANG_WARN__DUPLICATE_METHOD_MATCH = YES;
				COMBINE_HIDPI_IMAGES = YES;
				GCC_PRECOMPILE_PREFIX_HEADER = YES;
				GCC_PREFIX_HEADER = "client/Vernacular-Prefix.pch";
				GCC_WARN_UNINITIALIZED_AUTOS = YES;
				INFOPLIST_FILE = "client/Vernacular-Info.plist";
				MACOSX_DEPLOYMENT_TARGET = 10.8;
				PRODUCT_NAME = "$(TARGET_NAME)";
				WRAPPER_EXTENSION = app;
			};
			name = Debug;
		};
		9B30C03D15EBE93C003B6AB5 /* Release */ = {
			isa = XCBuildConfiguration;
			buildSettings = {
				CLANG_CXX_LANGUAGE_STANDARD = "gnu++0x";
				CLANG_ENABLE_OBJC_ARC = YES;
				CLANG_WARN__DUPLICATE_METHOD_MATCH = YES;
				COMBINE_HIDPI_IMAGES = YES;
				GCC_PRECOMPILE_PREFIX_HEADER = YES;
				GCC_PREFIX_HEADER = "client/Vernacular-Prefix.pch";
				GCC_WARN_UNINITIALIZED_AUTOS = YES;
				INFOPLIST_FILE = "client/Vernacular-Info.plist";
				MACOSX_DEPLOYMENT_TARGET = 10.8;
				PRODUCT_NAME = "$(TARGET_NAME)";
				WRAPPER_EXTENSION = app;
			};
			name = Release;
		};
		9B68E8F313FCB4AC00685A32 /* Debug */ = {
			isa = XCBuildConfiguration;
			buildSettings = {
				ALWAYS_SEARCH_USER_PATHS = NO;
				CLANG_WARN_BOOL_CONVERSION = YES;
				CLANG_WARN_CONSTANT_CONVERSION = YES;
				CLANG_WARN_EMPTY_BODY = YES;
				CLANG_WARN_ENUM_CONVERSION = YES;
				CLANG_WARN_INT_CONVERSION = YES;
				CLANG_WARN__DUPLICATE_METHOD_MATCH = YES;
				COPY_PHASE_STRIP = NO;
				GCC_C_LANGUAGE_STANDARD = gnu99;
				GCC_DYNAMIC_NO_PIC = NO;
				GCC_ENABLE_OBJC_EXCEPTIONS = YES;
				GCC_OPTIMIZATION_LEVEL = 0;
				GCC_PREPROCESSOR_DEFINITIONS = (
					"DEBUG=1",
					"$(inherited)",
				);
				GCC_SYMBOLS_PRIVATE_EXTERN = NO;
				GCC_VERSION = com.apple.compilers.llvm.clang.1_0;
				GCC_WARN_64_TO_32_BIT_CONVERSION = YES;
				GCC_WARN_ABOUT_MISSING_PROTOTYPES = YES;
				GCC_WARN_ABOUT_RETURN_TYPE = YES;
				GCC_WARN_UNDECLARED_SELECTOR = YES;
				GCC_WARN_UNINITIALIZED_AUTOS = YES;
				GCC_WARN_UNUSED_FUNCTION = YES;
				GCC_WARN_UNUSED_VARIABLE = YES;
				MACOSX_DEPLOYMENT_TARGET = 10.7;
				ONLY_ACTIVE_ARCH = YES;
				SDKROOT = macosx;
			};
			name = Debug;
		};
		9B68E8F413FCB4AC00685A32 /* Release */ = {
			isa = XCBuildConfiguration;
			buildSettings = {
				ALWAYS_SEARCH_USER_PATHS = NO;
				CLANG_WARN_BOOL_CONVERSION = YES;
				CLANG_WARN_CONSTANT_CONVERSION = YES;
				CLANG_WARN_EMPTY_BODY = YES;
				CLANG_WARN_ENUM_CONVERSION = YES;
				CLANG_WARN_INT_CONVERSION = YES;
				CLANG_WARN__DUPLICATE_METHOD_MATCH = YES;
				COPY_PHASE_STRIP = YES;
				DEBUG_INFORMATION_FORMAT = "dwarf-with-dsym";
				GCC_C_LANGUAGE_STANDARD = gnu99;
				GCC_ENABLE_OBJC_EXCEPTIONS = YES;
				GCC_VERSION = com.apple.compilers.llvm.clang.1_0;
				GCC_WARN_64_TO_32_BIT_CONVERSION = YES;
				GCC_WARN_ABOUT_MISSING_PROTOTYPES = YES;
				GCC_WARN_ABOUT_RETURN_TYPE = YES;
				GCC_WARN_UNDECLARED_SELECTOR = YES;
				GCC_WARN_UNINITIALIZED_AUTOS = YES;
				GCC_WARN_UNUSED_FUNCTION = YES;
				GCC_WARN_UNUSED_VARIABLE = YES;
				MACOSX_DEPLOYMENT_TARGET = 10.7;
				SDKROOT = macosx;
			};
			name = Release;
		};
/* End XCBuildConfiguration section */

/* Begin XCConfigurationList section */
		9B30C03B15EBE93C003B6AB5 /* Build configuration list for PBXNativeTarget "Vernacular" */ = {
			isa = XCConfigurationList;
			buildConfigurations = (
				9B30C03C15EBE93C003B6AB5 /* Debug */,
				9B30C03D15EBE93C003B6AB5 /* Release */,
			);
			defaultConfigurationIsVisible = 0;
			defaultConfigurationName = Release;
		};
		9B68E8D113FCB4AB00685A32 /* Build configuration list for PBXProject "Vernacular" */ = {
			isa = XCConfigurationList;
			buildConfigurations = (
				9B68E8F313FCB4AC00685A32 /* Debug */,
				9B68E8F413FCB4AC00685A32 /* Release */,
			);
			defaultConfigurationIsVisible = 0;
			defaultConfigurationName = Release;
		};
/* End XCConfigurationList section */
	};
	rootObject = 9B68E8CE13FCB4AB00685A32 /* Project object */;
}
